
Microsoft Visual Studio Solution File, Format Version 12.00
# Visual Studio Version 17
VisualStudioVersion = 17.3.32929.385
MinimumVisualStudioVersion = 10.0.40219.1
Project("{FAE04EC0-301F-11D3-BF4B-00C04F79EFBC}") = "RazorPagesPizza", "RazorPagesPizza\RazorPagesPizza.csproj", "{73BDBA95-EEC6-4FD1-B42B-CA8B976D9566}"
EndProject
Global
	GlobalSection(SolutionConfigurationPlatforms) = preSolution
		Debug|Any CPU = Debug|Any CPU
		Release|Any CPU = Release|Any CPU
	EndGlobalSection
	GlobalSection(ProjectConfigurationPlatforms) = postSolution
		{73BDBA95-EEC6-4FD1-B42B-CA8B976D9566}.Debug|Any CPU.ActiveCfg = Debug|Any CPU
		{73BDBA95-EEC6-4FD1-B42B-CA8B976D9566}.Debug|Any CPU.Build.0 = Debug|Any CPU
		{73BDBA95-EEC6-4FD1-B42B-CA8B976D9566}.Release|Any CPU.ActiveCfg = Release|Any CPU
		{73BDBA95-EEC6-4FD1-B42B-CA8B976D9566}.Release|Any CPU.Build.0 = Release|Any CPU
	EndGlobalSection
	GlobalSection(SolutionProperties) = preSolution
		HideSolutionNode = FALSE
	EndGlobalSection
	GlobalSection(ExtensibilityGlobals) = postSolution
		SolutionGuid = {A2CEECA0-4D2B-4A4D-A9A6-0D75F533B3A3}
	EndGlobalSection
EndGlobal
